
Microsoft Visual Studio Solution File, Format Version 12.00
# Visual Studio Version 17
VisualStudioVersion = 17.3.32825.248
MinimumVisualStudioVersion = 10.0.40219.1
Project("{9A19103F-16F7-4668-BE54-9A1E7A4F7556}") = "DragonFlyBugTrackerNet6", "DragonFlyBugTrackerNet6.csproj", "{F215F130-0820-4B0B-9D39-29C15E66CA4C}"
EndProject
Global
	GlobalSection(SolutionConfigurationPlatforms) = preSolution
		Debug|Any CPU = Debug|Any CPU
		Release|Any CPU = Release|Any CPU
	EndGlobalSection
	GlobalSection(ProjectConfigurationPlatforms) = postSolution
		{F215F130-0820-4B0B-9D39-29C15E66CA4C}.Debug|Any CPU.ActiveCfg = Debug|Any CPU
		{F215F130-0820-4B0B-9D39-29C15E66CA4C}.Debug|Any CPU.Build.0 = Debug|Any CPU
		{F215F130-0820-4B0B-9D39-29C15E66CA4C}.Release|Any CPU.ActiveCfg = Release|Any CPU
		{F215F130-0820-4B0B-9D39-29C15E66CA4C}.Release|Any CPU.Build.0 = Release|Any CPU
	EndGlobalSection
	GlobalSection(SolutionProperties) = preSolution
		HideSolutionNode = FALSE
	EndGlobalSection
	GlobalSection(ExtensibilityGlobals) = postSolution
		SolutionGuid = {DA6C5122-21E9-44C2-BF5C-E099BB46A4C9}
	EndGlobalSection
EndGlobal
